
Microsoft Visual Studio Solution File, Format Version 12.00
# Visual Studio Version 17
VisualStudioVersion = 17.8.34408.163
MinimumVisualStudioVersion = 10.0.40219.1
Project("{9A19103F-16F7-4668-BE54-9A1E7A4F7556}") = "UrlShortener.Api", "src\UrlShortener.Api\UrlShortener.Api.csproj", "{07FCB7AD-AAD2-48A2-A07D-860AB7F775AA}"
EndProject
Project("{FAE04EC0-301F-11D3-BF4B-00C04F79EFBC}") = "UrlShortener.Web", "src\UrlShortener.Web\UrlShortener.Web.csproj", "{CBBDDC60-C7AA-4562-BA26-65BBBADB8665}"
EndProject
Project("{FAE04EC0-301F-11D3-BF4B-00C04F79EFBC}") = "UrlShortener.Domain", "src\UrlShortener.Domain\UrlShortener.Domain.csproj", "{F64E4D13-1470-4C35-8836-EFFC31009E23}"
EndProject
Global
	GlobalSection(SolutionConfigurationPlatforms) = preSolution
		Debug|Any CPU = Debug|Any CPU
		Release|Any CPU = Release|Any CPU
	EndGlobalSection
	GlobalSection(ProjectConfigurationPlatforms) = postSolution
		{07FCB7AD-AAD2-48A2-A07D-860AB7F775AA}.Debug|Any CPU.ActiveCfg = Debug|Any CPU
		{07FCB7AD-AAD2-48A2-A07D-860AB7F775AA}.Debug|Any CPU.Build.0 = Debug|Any CPU
		{07FCB7AD-AAD2-48A2-A07D-860AB7F775AA}.Release|Any CPU.ActiveCfg = Release|Any CPU
		{07FCB7AD-AAD2-48A2-A07D-860AB7F775AA}.Release|Any CPU.Build.0 = Release|Any CPU
		{CBBDDC60-C7AA-4562-BA26-65BBBADB8665}.Debug|Any CPU.ActiveCfg = Debug|Any CPU
		{CBBDDC60-C7AA-4562-BA26-65BBBADB8665}.Debug|Any CPU.Build.0 = Debug|Any CPU
		{CBBDDC60-C7AA-4562-BA26-65BBBADB8665}.Release|Any CPU.ActiveCfg = Release|Any CPU
		{CBBDDC60-C7AA-4562-BA26-65BBBADB8665}.Release|Any CPU.Build.0 = Release|Any CPU
		{F64E4D13-1470-4C35-8836-EFFC31009E23}.Debug|Any CPU.ActiveCfg = Debug|Any CPU
		{F64E4D13-1470-4C35-8836-EFFC31009E23}.Debug|Any CPU.Build.0 = Debug|Any CPU
		{F64E4D13-1470-4C35-8836-EFFC31009E23}.Release|Any CPU.ActiveCfg = Release|Any CPU
		{F64E4D13-1470-4C35-8836-EFFC31009E23}.Release|Any CPU.Build.0 = Release|Any CPU
	EndGlobalSection
	GlobalSection(SolutionProperties) = preSolution
		HideSolutionNode = FALSE
	EndGlobalSection
	GlobalSection(ExtensibilityGlobals) = postSolution
		SolutionGuid = {82564264-1D74-4F7E-A059-0DFC2B9DC632}
	EndGlobalSection
EndGlobal
